
Microsoft Visual Studio Solution File, Format Version 12.00
# Visual Studio Version 16
VisualStudioVersion = 16.0.31911.196
MinimumVisualStudioVersion = 10.0.40219.1
Project("{FAE04EC0-301F-11D3-BF4B-00C04F79EFBC}") = "StardewValleyMod", "StardewValleyMod\StardewValleyMod.csproj", "{18A18579-FE09-42F9-BF5D-5F87D2A273CA}"
EndProject
Global
	GlobalSection(SolutionConfigurationPlatforms) = preSolution
		Debug|Any CPU = Debug|Any CPU
		Release|Any CPU = Release|Any CPU
	EndGlobalSection
	GlobalSection(ProjectConfigurationPlatforms) = postSolution
		{18A18579-FE09-42F9-BF5D-5F87D2A273CA}.Debug|Any CPU.ActiveCfg = Debug|Any CPU
		{18A18579-FE09-42F9-BF5D-5F87D2A273CA}.Debug|Any CPU.Build.0 = Debug|Any CPU
		{18A18579-FE09-42F9-BF5D-5F87D2A273CA}.Release|Any CPU.ActiveCfg = Release|Any CPU
		{18A18579-FE09-42F9-BF5D-5F87D2A273CA}.Release|Any CPU.Build.0 = Release|Any CPU
	EndGlobalSection
	GlobalSection(SolutionProperties) = preSolution
		HideSolutionNode = FALSE
	EndGlobalSection
	GlobalSection(ExtensibilityGlobals) = postSolution
		SolutionGuid = {F6E8E365-AD5A-4B9A-B6C6-4ECC4905B999}
	EndGlobalSection
EndGlobal
